dependencies:
- name: nats
  repository: https://nats-io.github.io/k8s/helm/charts/
  version: 0.13.1
- name: mongodb
  repository: https://charts.bitnami.com/bitnami
  version: 12.1.5
- name: minio
  repository: https://charts.bitnami.com/bitnami
  version: 11.2.13
digest: sha256:dca6fa25c3c98b6b612f89e1d9ddceac4c387216fbf8d3c975ee245447cc139a
generated: "2022-08-07T03:09:11.967318-05:00"
